
Microsoft Visual Studio Solution File, Format Version 12.00
# Visual Studio Version 16
VisualStudioVersion = 16.0.29519.181
MinimumVisualStudioVersion = 10.0.40219.1
Project("{FAE04EC0-301F-11D3-BF4B-00C04F79EFBC}") = "XamlFlair.UWP", "XamlFlair.UWP\XamlFlair.UWP.csproj", "{C5161313-FFE1-4FAB-A0DA-513EC62DC93C}"
EndProject
Project("{9A19103F-16F7-4668-BE54-9A1E7A4F7556}") = "XamlFlair.WPF", "XamlFlair.WPF\XamlFlair.WPF.csproj", "{BDFE68A7-417F-4274-8FDE-D1355A402171}"
EndProject
Project("{D954291E-2A0B-460D-934E-DC6B0785DB48}") = "XamlFlair.Shared", "XamlFlair.Shared\XamlFlair.Shared.shproj", "{42523BCA-C3A9-44D5-9F56-0E4BDF21BAD4}"
EndProject
Project("{2150E333-8FDC-42A3-9474-1A3956D46DE8}") = "Samples", "Samples", "{6138BC94-EDDB-4E70-BB79-83C216D972EA}"
EndProject
Project("{9A19103F-16F7-4668-BE54-9A1E7A4F7556}") = "XamlFlair.Samples.WPF", "Samples\XamlFlair.Samples.WPF\XamlFlair.Samples.WPF.csproj", "{78F799E6-D1DF-426E-9728-5E69ADFB0BC0}"
EndProject
Project("{FAE04EC0-301F-11D3-BF4B-00C04F79EFBC}") = "XamlFlair.Samples.UWP", "Samples\XamlFlair.Samples.UWP\XamlFlair.Samples.UWP.csproj", "{26B1BE26-E15B-4A86-A644-274DC14F0374}"
EndProject
Project("{9A19103F-16F7-4668-BE54-9A1E7A4F7556}") = "XamlFlair.Uno", "XamlFlair.Uno\XamlFlair.Uno.csproj", "{DDA71CCE-063C-44C9-AD5B-E288F2AF4995}"
EndProject
Project("{2150E333-8FDC-42A3-9474-1A3956D46DE8}") = "Uno", "Uno", "{AA19469A-6416-48B8-B0FE-C4E2A24B8B6F}"
EndProject
Project("{D954291E-2A0B-460D-934E-DC6B0785DB48}") = "XamlFlair.Samples.Uno.Shared", "Samples\Uno\XamlFlair.Samples.Uno.Shared\XamlFlair.Samples.Uno.Shared.shproj", "{6279C845-92F8-4333-AB99-3D213163593C}"
EndProject
Project("{FAE04EC0-301F-11D3-BF4B-00C04F79EFBC}") = "XamlFlair.Samples.Uno.Droid", "Samples\Uno\XamlFlair.Samples.Uno.Droid\XamlFlair.Samples.Uno.Droid.csproj", "{B8B6C94A-0757-4B4D-9510-94BD405865ED}"
EndProject
Project("{FAE04EC0-301F-11D3-BF4B-00C04F79EFBC}") = "XamlFlair.Samples.Uno.iOS", "Samples\Uno\XamlFlair.Samples.Uno.iOS\XamlFlair.Samples.Uno.iOS.csproj", "{B21E8839-081C-405C-9419-2B8E9037271C}"
EndProject
Project("{FAE04EC0-301F-11D3-BF4B-00C04F79EFBC}") = "XamlFlair.Samples.Uno.UWP", "Samples\Uno\XamlFlair.Samples.Uno.UWP\XamlFlair.Samples.Uno.UWP.csproj", "{D9974767-0B02-4F1C-BBAD-8C3163AB5D0F}"
EndProject
Project("{9A19103F-16F7-4668-BE54-9A1E7A4F7556}") = "XamlFlair.Samples.Uno.Wasm", "Samples\Uno\XamlFlair.Samples.Uno.Wasm\XamlFlair.Samples.Uno.Wasm.csproj", "{10D93A03-DF30-47E2-AA44-03B1418EFCF0}"
EndProject
Global
	GlobalSection(SharedMSBuildProjectFiles) = preSolution
		XamlFlair.Shared\XamlFlair.Shared.projitems*{42523bca-c3a9-44d5-9f56-0e4bdf21bad4}*SharedItemsImports = 13
		Samples\Uno\XamlFlair.Samples.Uno.Shared\XamlFlair.Samples.Uno.Shared.projitems*{6279c845-92f8-4333-ab99-3d213163593c}*SharedItemsImports = 13
		Samples\Uno\XamlFlair.Samples.Uno.Shared\XamlFlair.Samples.Uno.Shared.projitems*{b21e8839-081c-405c-9419-2b8e9037271c}*SharedItemsImports = 4
		Samples\Uno\XamlFlair.Samples.Uno.Shared\XamlFlair.Samples.Uno.Shared.projitems*{b8b6c94a-0757-4b4d-9510-94bd405865ed}*SharedItemsImports = 4
		XamlFlair.Shared\XamlFlair.Shared.projitems*{bdfe68a7-417f-4274-8fde-d1355a402171}*SharedItemsImports = 4
		XamlFlair.Shared\XamlFlair.Shared.projitems*{c5161313-ffe1-4fab-a0da-513ec62dc93c}*SharedItemsImports = 4
		Samples\Uno\XamlFlair.Samples.Uno.Shared\XamlFlair.Samples.Uno.Shared.projitems*{d9974767-0b02-4f1c-bbad-8c3163ab5d0f}*SharedItemsImports = 4
	EndGlobalSection
	GlobalSection(SolutionConfigurationPlatforms) = preSolution
		Ad-Hoc|Any CPU = Ad-Hoc|Any CPU
		Ad-Hoc|ARM = Ad-Hoc|ARM
		Ad-Hoc|ARM64 = Ad-Hoc|ARM64
		Ad-Hoc|iPhone = Ad-Hoc|iPhone
		Ad-Hoc|iPhoneSimulator = Ad-Hoc|iPhoneSimulator
		Ad-Hoc|x64 = Ad-Hoc|x64
		Ad-Hoc|x86 = Ad-Hoc|x86
		AppStore|Any CPU = AppStore|Any CPU
		AppStore|ARM = AppStore|ARM
		AppStore|ARM64 = AppStore|ARM64
		AppStore|iPhone = AppStore|iPhone
		AppStore|iPhoneSimulator = AppStore|iPhoneSimulator
		AppStore|x64 = AppStore|x64
		AppStore|x86 = AppStore|x86
		Debug|Any CPU = Debug|Any CPU
		Debug|ARM = Debug|ARM
		Debug|ARM64 = Debug|ARM64
		Debug|iPhone = Debug|iPhone
		Debug|iPhoneSimulator = Debug|iPhoneSimulator
		Debug|x64 = Debug|x64
		Debug|x86 = Debug|x86
		Release|Any CPU = Release|Any CPU
		Release|ARM = Release|ARM
		Release|ARM64 = Release|ARM64
		Release|iPhone = Release|iPhone
		Release|iPhoneSimulator = Release|iPhoneSimulator
		Release|x64 = Release|x64
		Release|x86 = Release|x86
	EndGlobalSection
	GlobalSection(ProjectConfigurationPlatforms) = postSolution
		{C5161313-FFE1-4FAB-A0DA-513EC62DC93C}.Ad-Hoc|Any CPU.ActiveCfg = Release|Any CPU
		{C5161313-FFE1-4FAB-A0DA-513EC62DC93C}.Ad-Hoc|Any CPU.Build.0 = Release|Any CPU
		{C5161313-FFE1-4FAB-A0DA-513EC62DC93C}.Ad-Hoc|ARM.ActiveCfg = Release|ARM
		{C5161313-FFE1-4FAB-A0DA-513EC62DC93C}.Ad-Hoc|ARM.Build.0 = Release|ARM
		{C5161313-FFE1-4FAB-A0DA-513EC62DC93C}.Ad-Hoc|ARM64.ActiveCfg = Release|Any CPU
		{C5161313-FFE1-4FAB-A0DA-513EC62DC93C}.Ad-Hoc|ARM64.Build.0 = Release|Any CPU
		{C5161313-FFE1-4FAB-A0DA-513EC62DC93C}.Ad-Hoc|iPhone.ActiveCfg = Release|Any CPU
		{C5161313-FFE1-4FAB-A0DA-513EC62DC93C}.Ad-Hoc|iPhone.Build.0 = Release|Any CPU
		{C5161313-FFE1-4FAB-A0DA-513EC62DC93C}.Ad-Hoc|iPhoneSimulator.ActiveCfg = Release|Any CPU
		{C5161313-FFE1-4FAB-A0DA-513EC62DC93C}.Ad-Hoc|iPhoneSimulator.Build.0 = Release|Any CPU
		{C5161313-FFE1-4FAB-A0DA-513EC62DC93C}.Ad-Hoc|x64.ActiveCfg = Release|x64
		{C5161313-FFE1-4FAB-A0DA-513EC62DC93C}.Ad-Hoc|x64.Build.0 = Release|x64
		{C5161313-FFE1-4FAB-A0DA-513EC62DC93C}.Ad-Hoc|x86.ActiveCfg = Release|x86
		{C5161313-FFE1-4FAB-A0DA-513EC62DC93C}.Ad-Hoc|x86.Build.0 = Release|x86
		{C5161313-FFE1-4FAB-A0DA-513EC62DC93C}.AppStore|Any CPU.ActiveCfg = Release|Any CPU
		{C5161313-FFE1-4FAB-A0DA-513EC62DC93C}.AppStore|Any CPU.Build.0 = Release|Any CPU
		{C5161313-FFE1-4FAB-A0DA-513EC62DC93C}.AppStore|ARM.ActiveCfg = Release|ARM
		{C5161313-FFE1-4FAB-A0DA-513EC62DC93C}.AppStore|ARM.Build.0 = Release|ARM
		{C5161313-FFE1-4FAB-A0DA-513EC62DC93C}.AppStore|ARM64.ActiveCfg = Release|Any CPU
		{C5161313-FFE1-4FAB-A0DA-513EC62DC93C}.AppStore|ARM64.Build.0 = Release|Any CPU
		{C5161313-FFE1-4FAB-A0DA-513EC62DC93C}.AppStore|iPhone.ActiveCfg = Release|Any CPU
		{C5161313-FFE1-4FAB-A0DA-513EC62DC93C}.AppStore|iPhone.Build.0 = Release|Any CPU
		{C5161313-FFE1-4FAB-A0DA-513EC62DC93C}.AppStore|iPhoneSimulator.ActiveCfg = Release|Any CPU
		{C5161313-FFE1-4FAB-A0DA-513EC62DC93C}.AppStore|iPhoneSimulator.Build.0 = Release|Any CPU
		{C5161313-FFE1-4FAB-A0DA-513EC62DC93C}.AppStore|x64.ActiveCfg = Release|x64
		{C5161313-FFE1-4FAB-A0DA-513EC62DC93C}.AppStore|x64.Build.0 = Release|x64
		{C5161313-FFE1-4FAB-A0DA-513EC62DC93C}.AppStore|x86.ActiveCfg = Release|x86
		{C5161313-FFE1-4FAB-A0DA-513EC62DC93C}.AppStore|x86.Build.0 = Release|x86
		{C5161313-FFE1-4FAB-A0DA-513EC62DC93C}.Debug|Any CPU.ActiveCfg = Debug|Any CPU
		{C5161313-FFE1-4FAB-A0DA-513EC62DC93C}.Debug|Any CPU.Build.0 = Debug|Any CPU
		{C5161313-FFE1-4FAB-A0DA-513EC62DC93C}.Debug|ARM.ActiveCfg = Debug|ARM
		{C5161313-FFE1-4FAB-A0DA-513EC62DC93C}.Debug|ARM.Build.0 = Debug|ARM
		{C5161313-FFE1-4FAB-A0DA-513EC62DC93C}.Debug|ARM64.ActiveCfg = Debug|Any CPU
		{C5161313-FFE1-4FAB-A0DA-513EC62DC93C}.Debug|ARM64.Build.0 = Debug|Any CPU
		{C5161313-FFE1-4FAB-A0DA-513EC62DC93C}.Debug|iPhone.ActiveCfg = Debug|Any CPU
		{C5161313-FFE1-4FAB-A0DA-513EC62DC93C}.Debug|iPhone.Build.0 = Debug|Any CPU
		{C5161313-FFE1-4FAB-A0DA-513EC62DC93C}.Debug|iPhoneSimulator.ActiveCfg = Debug|Any CPU
		{C5161313-FFE1-4FAB-A0DA-513EC62DC93C}.Debug|iPhoneSimulator.Build.0 = Debug|Any CPU
		{C5161313-FFE1-4FAB-A0DA-513EC62DC93C}.Debug|x64.ActiveCfg = Debug|x64
		{C5161313-FFE1-4FAB-A0DA-513EC62DC93C}.Debug|x64.Build.0 = Debug|x64
		{C5161313-FFE1-4FAB-A0DA-513EC62DC93C}.Debug|x86.ActiveCfg = Debug|x86
		{C5161313-FFE1-4FAB-A0DA-513EC62DC93C}.Debug|x86.Build.0 = Debug|x86
		{C5161313-FFE1-4FAB-A0DA-513EC62DC93C}.Release|Any CPU.ActiveCfg = Release|Any CPU
		{C5161313-FFE1-4FAB-A0DA-513EC62DC93C}.Release|Any CPU.Build.0 = Release|Any CPU
		{C5161313-FFE1-4FAB-A0DA-513EC62DC93C}.Release|ARM.ActiveCfg = Release|ARM
		{C5161313-FFE1-4FAB-A0DA-513EC62DC93C}.Release|ARM.Build.0 = Release|ARM
		{C5161313-FFE1-4FAB-A0DA-513EC62DC93C}.Release|ARM64.ActiveCfg = Release|Any CPU
		{C5161313-FFE1-4FAB-A0DA-513EC62DC93C}.Release|ARM64.Build.0 = Release|Any CPU
		{C5161313-FFE1-4FAB-A0DA-513EC62DC93C}.Release|iPhone.ActiveCfg = Release|Any CPU
		{C5161313-FFE1-4FAB-A0DA-513EC62DC93C}.Release|iPhone.Build.0 = Release|Any CPU
		{C5161313-FFE1-4FAB-A0DA-513EC62DC93C}.Release|iPhoneSimulator.ActiveCfg = Release|Any CPU
		{C5161313-FFE1-4FAB-A0DA-513EC62DC93C}.Release|iPhoneSimulator.Build.0 = Release|Any CPU
		{C5161313-FFE1-4FAB-A0DA-513EC62DC93C}.Release|x64.ActiveCfg = Release|x64
		{C5161313-FFE1-4FAB-A0DA-513EC62DC93C}.Release|x64.Build.0 = Release|x64
		{C5161313-FFE1-4FAB-A0DA-513EC62DC93C}.Release|x86.ActiveCfg = Release|x86
		{C5161313-FFE1-4FAB-A0DA-513EC62DC93C}.Release|x86.Build.0 = Release|x86
		{BDFE68A7-417F-4274-8FDE-D1355A402171}.Ad-Hoc|Any CPU.ActiveCfg = Release|Any CPU
		{BDFE68A7-417F-4274-8FDE-D1355A402171}.Ad-Hoc|Any CPU.Build.0 = Release|Any CPU
		{BDFE68A7-417F-4274-8FDE-D1355A402171}.Ad-Hoc|ARM.ActiveCfg = Release|Any CPU
		{BDFE68A7-417F-4274-8FDE-D1355A402171}.Ad-Hoc|ARM.Build.0 = Release|Any CPU
		{BDFE68A7-417F-4274-8FDE-D1355A402171}.Ad-Hoc|ARM64.ActiveCfg = Release|Any CPU
		{BDFE68A7-417F-4274-8FDE-D1355A402171}.Ad-Hoc|ARM64.Build.0 = Release|Any CPU
		{BDFE68A7-417F-4274-8FDE-D1355A402171}.Ad-Hoc|iPhone.ActiveCfg = Release|Any CPU
		{BDFE68A7-417F-4274-8FDE-D1355A402171}.Ad-Hoc|iPhone.Build.0 = Release|Any CPU
		{BDFE68A7-417F-4274-8FDE-D1355A402171}.Ad-Hoc|iPhoneSimulator.ActiveCfg = Release|Any CPU
		{BDFE68A7-417F-4274-8FDE-D1355A402171}.Ad-Hoc|iPhoneSimulator.Build.0 = Release|Any CPU
		{BDFE68A7-417F-4274-8FDE-D1355A402171}.Ad-Hoc|x64.ActiveCfg = Release|Any CPU
		{BDFE68A7-417F-4274-8FDE-D1355A402171}.Ad-Hoc|x64.Build.0 = Release|Any CPU
		{BDFE68A7-417F-4274-8FDE-D1355A402171}.Ad-Hoc|x86.ActiveCfg = Release|Any CPU
		{BDFE68A7-417F-4274-8FDE-D1355A402171}.Ad-Hoc|x86.Build.0 = Release|Any CPU
		{BDFE68A7-417F-4274-8FDE-D1355A402171}.AppStore|Any CPU.ActiveCfg = Release|Any CPU
		{BDFE68A7-417F-4274-8FDE-D1355A402171}.AppStore|Any CPU.Build.0 = Release|Any CPU
		{BDFE68A7-417F-4274-8FDE-D1355A402171}.AppStore|ARM.ActiveCfg = Release|Any CPU
		{BDFE68A7-417F-4274-8FDE-D1355A402171}.AppStore|ARM.Build.0 = Release|Any CPU
		{BDFE68A7-417F-4274-8FDE-D1355A402171}.AppStore|ARM64.ActiveCfg = Release|Any CPU
		{BDFE68A7-417F-4274-8FDE-D1355A402171}.AppStore|ARM64.Build.0 = Release|Any CPU
		{BDFE68A7-417F-4274-8FDE-D1355A402171}.AppStore|iPhone.ActiveCfg = Release|Any CPU
		{BDFE68A7-417F-4274-8FDE-D1355A402171}.AppStore|iPhone.Build.0 = Release|Any CPU
		{BDFE68A7-417F-4274-8FDE-D1355A402171}.AppStore|iPhoneSimulator.ActiveCfg = Release|Any CPU
		{BDFE68A7-417F-4274-8FDE-D1355A402171}.AppStore|iPhoneSimulator.Build.0 = Release|Any CPU
		{BDFE68A7-417F-4274-8FDE-D1355A402171}.AppStore|x64.ActiveCfg = Release|Any CPU
		{BDFE68A7-417F-4274-8FDE-D1355A402171}.AppStore|x64.Build.0 = Release|Any CPU
		{BDFE68A7-417F-4274-8FDE-D1355A402171}.AppStore|x86.ActiveCfg = Release|Any CPU
		{BDFE68A7-417F-4274-8FDE-D1355A402171}.AppStore|x86.Build.0 = Release|Any CPU
		{BDFE68A7-417F-4274-8FDE-D1355A402171}.Debug|Any CPU.ActiveCfg = Debug|Any CPU
		{BDFE68A7-417F-4274-8FDE-D1355A402171}.Debug|Any CPU.Build.0 = Debug|Any CPU
		{BDFE68A7-417F-4274-8FDE-D1355A402171}.Debug|ARM.ActiveCfg = Debug|Any CPU
		{BDFE68A7-417F-4274-8FDE-D1355A402171}.Debug|ARM.Build.0 = Debug|Any CPU
		{BDFE68A7-417F-4274-8FDE-D1355A402171}.Debug|ARM64.ActiveCfg = Debug|Any CPU
		{BDFE68A7-417F-4274-8FDE-D1355A402171}.Debug|ARM64.Build.0 = Debug|Any CPU
		{BDFE68A7-417F-4274-8FDE-D1355A402171}.Debug|iPhone.ActiveCfg = Debug|Any CPU
		{BDFE68A7-417F-4274-8FDE-D1355A402171}.Debug|iPhone.Build.0 = Debug|Any CPU
		{BDFE68A7-417F-4274-8FDE-D1355A402171}.Debug|iPhoneSimulator.ActiveCfg = Debug|Any CPU
		{BDFE68A7-417F-4274-8FDE-D1355A402171}.Debug|iPhoneSimulator.Build.0 = Debug|Any CPU
		{BDFE68A7-417F-4274-8FDE-D1355A402171}.Debug|x64.ActiveCfg = Debug|Any CPU
		{BDFE68A7-417F-4274-8FDE-D1355A402171}.Debug|x64.Build.0 = Debug|Any CPU
		{BDFE68A7-417F-4274-8FDE-D1355A402171}.Debug|x86.ActiveCfg = Debug|Any CPU
		{BDFE68A7-417F-4274-8FDE-D1355A402171}.Debug|x86.Build.0 = Debug|Any CPU
		{BDFE68A7-417F-4274-8FDE-D1355A402171}.Release|Any CPU.ActiveCfg = Release|Any CPU
		{BDFE68A7-417F-4274-8FDE-D1355A402171}.Release|Any CPU.Build.0 = Release|Any CPU
		{BDFE68A7-417F-4274-8FDE-D1355A402171}.Release|ARM.ActiveCfg = Release|Any CPU
		{BDFE68A7-417F-4274-8FDE-D1355A402171}.Release|ARM.Build.0 = Release|Any CPU
		{BDFE68A7-417F-4274-8FDE-D1355A402171}.Release|ARM64.ActiveCfg = Release|Any CPU
		{BDFE68A7-417F-4274-8FDE-D1355A402171}.Release|ARM64.Build.0 = Release|Any CPU
		{BDFE68A7-417F-4274-8FDE-D1355A402171}.Release|iPhone.ActiveCfg = Release|Any CPU
		{BDFE68A7-417F-4274-8FDE-D1355A402171}.Release|iPhone.Build.0 = Release|Any CPU
		{BDFE68A7-417F-4274-8FDE-D1355A402171}.Release|iPhoneSimulator.ActiveCfg = Release|Any CPU
		{BDFE68A7-417F-4274-8FDE-D1355A402171}.Release|iPhoneSimulator.Build.0 = Release|Any CPU
		{BDFE68A7-417F-4274-8FDE-D1355A402171}.Release|x64.ActiveCfg = Release|Any CPU
		{BDFE68A7-417F-4274-8FDE-D1355A402171}.Release|x64.Build.0 = Release|Any CPU
		{BDFE68A7-417F-4274-8FDE-D1355A402171}.Release|x86.ActiveCfg = Release|Any CPU
		{BDFE68A7-417F-4274-8FDE-D1355A402171}.Release|x86.Build.0 = Release|Any CPU
		{78F799E6-D1DF-426E-9728-5E69ADFB0BC0}.Ad-Hoc|Any CPU.ActiveCfg = Release|Any CPU
		{78F799E6-D1DF-426E-9728-5E69ADFB0BC0}.Ad-Hoc|Any CPU.Build.0 = Release|Any CPU
		{78F799E6-D1DF-426E-9728-5E69ADFB0BC0}.Ad-Hoc|ARM.ActiveCfg = Release|Any CPU
		{78F799E6-D1DF-426E-9728-5E69ADFB0BC0}.Ad-Hoc|ARM.Build.0 = Release|Any CPU
		{78F799E6-D1DF-426E-9728-5E69ADFB0BC0}.Ad-Hoc|ARM64.ActiveCfg = Release|Any CPU
		{78F799E6-D1DF-426E-9728-5E69ADFB0BC0}.Ad-Hoc|ARM64.Build.0 = Release|Any CPU
		{78F799E6-D1DF-426E-9728-5E69ADFB0BC0}.Ad-Hoc|iPhone.ActiveCfg = Release|Any CPU
		{78F799E6-D1DF-426E-9728-5E69ADFB0BC0}.Ad-Hoc|iPhone.Build.0 = Release|Any CPU
		{78F799E6-D1DF-426E-9728-5E69ADFB0BC0}.Ad-Hoc|iPhoneSimulator.ActiveCfg = Release|Any CPU
		{78F799E6-D1DF-426E-9728-5E69ADFB0BC0}.Ad-Hoc|iPhoneSimulator.Build.0 = Release|Any CPU
		{78F799E6-D1DF-426E-9728-5E69ADFB0BC0}.Ad-Hoc|x64.ActiveCfg = Release|Any CPU
		{78F799E6-D1DF-426E-9728-5E69ADFB0BC0}.Ad-Hoc|x64.Build.0 = Release|Any CPU
		{78F799E6-D1DF-426E-9728-5E69ADFB0BC0}.Ad-Hoc|x86.ActiveCfg = Release|Any CPU
		{78F799E6-D1DF-426E-9728-5E69ADFB0BC0}.Ad-Hoc|x86.Build.0 = Release|Any CPU
		{78F799E6-D1DF-426E-9728-5E69ADFB0BC0}.AppStore|Any CPU.ActiveCfg = Release|Any CPU
		{78F799E6-D1DF-426E-9728-5E69ADFB0BC0}.AppStore|Any CPU.Build.0 = Release|Any CPU
		{78F799E6-D1DF-426E-9728-5E69ADFB0BC0}.AppStore|ARM.ActiveCfg = Release|Any CPU
		{78F799E6-D1DF-426E-9728-5E69ADFB0BC0}.AppStore|ARM.Build.0 = Release|Any CPU
		{78F799E6-D1DF-426E-9728-5E69ADFB0BC0}.AppStore|ARM64.ActiveCfg = Release|Any CPU
		{78F799E6-D1DF-426E-9728-5E69ADFB0BC0}.AppStore|ARM64.Build.0 = Release|Any CPU
		{78F799E6-D1DF-426E-9728-5E69ADFB0BC0}.AppStore|iPhone.ActiveCfg = Release|Any CPU
		{78F799E6-D1DF-426E-9728-5E69ADFB0BC0}.AppStore|iPhone.Build.0 = Release|Any CPU
		{78F799E6-D1DF-426E-9728-5E69ADFB0BC0}.AppStore|iPhoneSimulator.ActiveCfg = Release|Any CPU
		{78F799E6-D1DF-426E-9728-5E69ADFB0BC0}.AppStore|iPhoneSimulator.Build.0 = Release|Any CPU
		{78F799E6-D1DF-426E-9728-5E69ADFB0BC0}.AppStore|x64.ActiveCfg = Release|Any CPU
		{78F799E6-D1DF-426E-9728-5E69ADFB0BC0}.AppStore|x64.Build.0 = Release|Any CPU
		{78F799E6-D1DF-426E-9728-5E69ADFB0BC0}.AppStore|x86.ActiveCfg = Release|Any CPU
		{78F799E6-D1DF-426E-9728-5E69ADFB0BC0}.AppStore|x86.Build.0 = Release|Any CPU
		{78F799E6-D1DF-426E-9728-5E69ADFB0BC0}.Debug|Any CPU.ActiveCfg = Debug|Any CPU
		{78F799E6-D1DF-426E-9728-5E69ADFB0BC0}.Debug|Any CPU.Build.0 = Debug|Any CPU
		{78F799E6-D1DF-426E-9728-5E69ADFB0BC0}.Debug|ARM.ActiveCfg = Debug|Any CPU
		{78F799E6-D1DF-426E-9728-5E69ADFB0BC0}.Debug|ARM.Build.0 = Debug|Any CPU
		{78F799E6-D1DF-426E-9728-5E69ADFB0BC0}.Debug|ARM64.ActiveCfg = Debug|Any CPU
		{78F799E6-D1DF-426E-9728-5E69ADFB0BC0}.Debug|ARM64.Build.0 = Debug|Any CPU
		{78F799E6-D1DF-426E-9728-5E69ADFB0BC0}.Debug|iPhone.ActiveCfg = Debug|Any CPU
		{78F799E6-D1DF-426E-9728-5E69ADFB0BC0}.Debug|iPhone.Build.0 = Debug|Any CPU
		{78F799E6-D1DF-426E-9728-5E69ADFB0BC0}.Debug|iPhoneSimulator.ActiveCfg = Debug|Any CPU
		{78F799E6-D1DF-426E-9728-5E69ADFB0BC0}.Debug|iPhoneSimulator.Build.0 = Debug|Any CPU
		{78F799E6-D1DF-426E-9728-5E69ADFB0BC0}.Debug|x64.ActiveCfg = Debug|Any CPU
		{78F799E6-D1DF-426E-9728-5E69ADFB0BC0}.Debug|x64.Build.0 = Debug|Any CPU
		{78F799E6-D1DF-426E-9728-5E69ADFB0BC0}.Debug|x86.ActiveCfg = Debug|Any CPU
		{78F799E6-D1DF-426E-9728-5E69ADFB0BC0}.Debug|x86.Build.0 = Debug|Any CPU
		{78F799E6-D1DF-426E-9728-5E69ADFB0BC0}.Release|Any CPU.ActiveCfg = Release|Any CPU
		{78F799E6-D1DF-426E-9728-5E69ADFB0BC0}.Release|ARM.ActiveCfg = Release|Any CPU
		{78F799E6-D1DF-426E-9728-5E69ADFB0BC0}.Release|ARM64.ActiveCfg = Release|Any CPU
		{78F799E6-D1DF-426E-9728-5E69ADFB0BC0}.Release|iPhone.ActiveCfg = Release|Any CPU
		{78F799E6-D1DF-426E-9728-5E69ADFB0BC0}.Release|iPhone.Build.0 = Release|Any CPU
		{78F799E6-D1DF-426E-9728-5E69ADFB0BC0}.Release|iPhoneSimulator.ActiveCfg = Release|Any CPU
		{78F799E6-D1DF-426E-9728-5E69ADFB0BC0}.Release|iPhoneSimulator.Build.0 = Release|Any CPU
		{78F799E6-D1DF-426E-9728-5E69ADFB0BC0}.Release|x64.ActiveCfg = Release|Any CPU
		{78F799E6-D1DF-426E-9728-5E69ADFB0BC0}.Release|x86.ActiveCfg = Release|Any CPU
		{26B1BE26-E15B-4A86-A644-274DC14F0374}.Ad-Hoc|Any CPU.ActiveCfg = Release|x64
		{26B1BE26-E15B-4A86-A644-274DC14F0374}.Ad-Hoc|Any CPU.Build.0 = Release|x64
		{26B1BE26-E15B-4A86-A644-274DC14F0374}.Ad-Hoc|Any CPU.Deploy.0 = Release|x64
		{26B1BE26-E15B-4A86-A644-274DC14F0374}.Ad-Hoc|ARM.ActiveCfg = Release|ARM
		{26B1BE26-E15B-4A86-A644-274DC14F0374}.Ad-Hoc|ARM.Build.0 = Release|ARM
		{26B1BE26-E15B-4A86-A644-274DC14F0374}.Ad-Hoc|ARM.Deploy.0 = Release|ARM
		{26B1BE26-E15B-4A86-A644-274DC14F0374}.Ad-Hoc|ARM64.ActiveCfg = Release|ARM64
		{26B1BE26-E15B-4A86-A644-274DC14F0374}.Ad-Hoc|ARM64.Build.0 = Release|ARM64
		{26B1BE26-E15B-4A86-A644-274DC14F0374}.Ad-Hoc|ARM64.Deploy.0 = Release|ARM64
		{26B1BE26-E15B-4A86-A644-274DC14F0374}.Ad-Hoc|iPhone.ActiveCfg = Release|x64
		{26B1BE26-E15B-4A86-A644-274DC14F0374}.Ad-Hoc|iPhone.Build.0 = Release|x64
		{26B1BE26-E15B-4A86-A644-274DC14F0374}.Ad-Hoc|iPhone.Deploy.0 = Release|x64
		{26B1BE26-E15B-4A86-A644-274DC14F0374}.Ad-Hoc|iPhoneSimulator.ActiveCfg = Release|x64
		{26B1BE26-E15B-4A86-A644-274DC14F0374}.Ad-Hoc|iPhoneSimulator.Build.0 = Release|x64
		{26B1BE26-E15B-4A86-A644-274DC14F0374}.Ad-Hoc|iPhoneSimulator.Deploy.0 = Release|x64
		{26B1BE26-E15B-4A86-A644-274DC14F0374}.Ad-Hoc|x64.ActiveCfg = Release|x64
		{26B1BE26-E15B-4A86-A644-274DC14F0374}.Ad-Hoc|x64.Build.0 = Release|x64
		{26B1BE26-E15B-4A86-A644-274DC14F0374}.Ad-Hoc|x64.Deploy.0 = Release|x64
		{26B1BE26-E15B-4A86-A644-274DC14F0374}.Ad-Hoc|x86.ActiveCfg = Release|x86
		{26B1BE26-E15B-4A86-A644-274DC14F0374}.Ad-Hoc|x86.Build.0 = Release|x86
		{26B1BE26-E15B-4A86-A644-274DC14F0374}.Ad-Hoc|x86.Deploy.0 = Release|x86
		{26B1BE26-E15B-4A86-A644-274DC14F0374}.AppStore|Any CPU.ActiveCfg = Release|x64
		{26B1BE26-E15B-4A86-A644-274DC14F0374}.AppStore|Any CPU.Build.0 = Release|x64
		{26B1BE26-E15B-4A86-A644-274DC14F0374}.AppStore|Any CPU.Deploy.0 = Release|x64
		{26B1BE26-E15B-4A86-A644-274DC14F0374}.AppStore|ARM.ActiveCfg = Release|ARM
		{26B1BE26-E15B-4A86-A644-274DC14F0374}.AppStore|ARM.Build.0 = Release|ARM
		{26B1BE26-E15B-4A86-A644-274DC14F0374}.AppStore|ARM.Deploy.0 = Release|ARM
		{26B1BE26-E15B-4A86-A644-274DC14F0374}.AppStore|ARM64.ActiveCfg = Release|ARM64
		{26B1BE26-E15B-4A86-A644-274DC14F0374}.AppStore|ARM64.Build.0 = Release|ARM64
		{26B1BE26-E15B-4A86-A644-274DC14F0374}.AppStore|ARM64.Deploy.0 = Release|ARM64
		{26B1BE26-E15B-4A86-A644-274DC14F0374}.AppStore|iPhone.ActiveCfg = Release|x64
		{26B1BE26-E15B-4A86-A644-274DC14F0374}.AppStore|iPhone.Build.0 = Release|x64
		{26B1BE26-E15B-4A86-A644-274DC14F0374}.AppStore|iPhone.Deploy.0 = Release|x64
		{26B1BE26-E15B-4A86-A644-274DC14F0374}.AppStore|iPhoneSimulator.ActiveCfg = Release|x64
		{26B1BE26-E15B-4A86-A644-274DC14F0374}.AppStore|iPhoneSimulator.Build.0 = Release|x64
		{26B1BE26-E15B-4A86-A644-274DC14F0374}.AppStore|iPhoneSimulator.Deploy.0 = Release|x64
		{26B1BE26-E15B-4A86-A644-274DC14F0374}.AppStore|x64.ActiveCfg = Release|x64
		{26B1BE26-E15B-4A86-A644-274DC14F0374}.AppStore|x64.Build.0 = Release|x64
		{26B1BE26-E15B-4A86-A644-274DC14F0374}.AppStore|x64.Deploy.0 = Release|x64
		{26B1BE26-E15B-4A86-A644-274DC14F0374}.AppStore|x86.ActiveCfg = Release|x86
		{26B1BE26-E15B-4A86-A644-274DC14F0374}.AppStore|x86.Build.0 = Release|x86
		{26B1BE26-E15B-4A86-A644-274DC14F0374}.AppStore|x86.Deploy.0 = Release|x86
		{26B1BE26-E15B-4A86-A644-274DC14F0374}.Debug|Any CPU.ActiveCfg = Debug|x64
		{26B1BE26-E15B-4A86-A644-274DC14F0374}.Debug|Any CPU.Build.0 = Debug|x64
		{26B1BE26-E15B-4A86-A644-274DC14F0374}.Debug|Any CPU.Deploy.0 = Debug|x64
		{26B1BE26-E15B-4A86-A644-274DC14F0374}.Debug|ARM.ActiveCfg = Debug|ARM
		{26B1BE26-E15B-4A86-A644-274DC14F0374}.Debug|ARM.Build.0 = Debug|ARM
		{26B1BE26-E15B-4A86-A644-274DC14F0374}.Debug|ARM.Deploy.0 = Debug|ARM
		{26B1BE26-E15B-4A86-A644-274DC14F0374}.Debug|ARM64.ActiveCfg = Debug|ARM64
		{26B1BE26-E15B-4A86-A644-274DC14F0374}.Debug|ARM64.Build.0 = Debug|ARM64
		{26B1BE26-E15B-4A86-A644-274DC14F0374}.Debug|ARM64.Deploy.0 = Debug|ARM64
		{26B1BE26-E15B-4A86-A644-274DC14F0374}.Debug|iPhone.ActiveCfg = Debug|x86
		{26B1BE26-E15B-4A86-A644-274DC14F0374}.Debug|iPhoneSimulator.ActiveCfg = Debug|x86
		{26B1BE26-E15B-4A86-A644-274DC14F0374}.Debug|x64.ActiveCfg = Debug|x64
		{26B1BE26-E15B-4A86-A644-274DC14F0374}.Debug|x64.Build.0 = Debug|x64
		{26B1BE26-E15B-4A86-A644-274DC14F0374}.Debug|x64.Deploy.0 = Debug|x64
		{26B1BE26-E15B-4A86-A644-274DC14F0374}.Debug|x86.ActiveCfg = Debug|x86
		{26B1BE26-E15B-4A86-A644-274DC14F0374}.Debug|x86.Build.0 = Debug|x86
		{26B1BE26-E15B-4A86-A644-274DC14F0374}.Debug|x86.Deploy.0 = Debug|x86
		{26B1BE26-E15B-4A86-A644-274DC14F0374}.Release|Any CPU.ActiveCfg = Release|x86
		{26B1BE26-E15B-4A86-A644-274DC14F0374}.Release|ARM.ActiveCfg = Release|ARM
		{26B1BE26-E15B-4A86-A644-274DC14F0374}.Release|ARM64.ActiveCfg = Release|ARM64
		{26B1BE26-E15B-4A86-A644-274DC14F0374}.Release|iPhone.ActiveCfg = Release|x86
		{26B1BE26-E15B-4A86-A644-274DC14F0374}.Release|iPhoneSimulator.ActiveCfg = Release|x86
		{26B1BE26-E15B-4A86-A644-274DC14F0374}.Release|x64.ActiveCfg = Release|x64
		{26B1BE26-E15B-4A86-A644-274DC14F0374}.Release|x86.ActiveCfg = Release|x86
		{DDA71CCE-063C-44C9-AD5B-E288F2AF4995}.Ad-Hoc|Any CPU.ActiveCfg = Debug|Any CPU
		{DDA71CCE-063C-44C9-AD5B-E288F2AF4995}.Ad-Hoc|Any CPU.Build.0 = Debug|Any CPU
		{DDA71CCE-063C-44C9-AD5B-E288F2AF4995}.Ad-Hoc|ARM.ActiveCfg = Debug|Any CPU
		{DDA71CCE-063C-44C9-AD5B-E288F2AF4995}.Ad-Hoc|ARM.Build.0 = Debug|Any CPU
		{DDA71CCE-063C-44C9-AD5B-E288F2AF4995}.Ad-Hoc|ARM64.ActiveCfg = Debug|Any CPU
		{DDA71CCE-063C-44C9-AD5B-E288F2AF4995}.Ad-Hoc|ARM64.Build.0 = Debug|Any CPU
		{DDA71CCE-063C-44C9-AD5B-E288F2AF4995}.Ad-Hoc|iPhone.ActiveCfg = Debug|Any CPU
		{DDA71CCE-063C-44C9-AD5B-E288F2AF4995}.Ad-Hoc|iPhone.Build.0 = Debug|Any CPU
		{DDA71CCE-063C-44C9-AD5B-E288F2AF4995}.Ad-Hoc|iPhoneSimulator.ActiveCfg = Debug|Any CPU
		{DDA71CCE-063C-44C9-AD5B-E288F2AF4995}.Ad-Hoc|iPhoneSimulator.Build.0 = Debug|Any CPU
		{DDA71CCE-063C-44C9-AD5B-E288F2AF4995}.Ad-Hoc|x64.ActiveCfg = Debug|Any CPU
		{DDA71CCE-063C-44C9-AD5B-E288F2AF4995}.Ad-Hoc|x64.Build.0 = Debug|Any CPU
		{DDA71CCE-063C-44C9-AD5B-E288F2AF4995}.Ad-Hoc|x86.ActiveCfg = Debug|Any CPU
		{DDA71CCE-063C-44C9-AD5B-E288F2AF4995}.Ad-Hoc|x86.Build.0 = Debug|Any CPU
		{DDA71CCE-063C-44C9-AD5B-E288F2AF4995}.AppStore|Any CPU.ActiveCfg = Debug|Any CPU
		{DDA71CCE-063C-44C9-AD5B-E288F2AF4995}.AppStore|Any CPU.Build.0 = Debug|Any CPU
		{DDA71CCE-063C-44C9-AD5B-E288F2AF4995}.AppStore|ARM.ActiveCfg = Debug|Any CPU
		{DDA71CCE-063C-44C9-AD5B-E288F2AF4995}.AppStore|ARM.Build.0 = Debug|Any CPU
		{DDA71CCE-063C-44C9-AD5B-E288F2AF4995}.AppStore|ARM64.ActiveCfg = Debug|Any CPU
		{DDA71CCE-063C-44C9-AD5B-E288F2AF4995}.AppStore|ARM64.Build.0 = Debug|Any CPU
		{DDA71CCE-063C-44C9-AD5B-E288F2AF4995}.AppStore|iPhone.ActiveCfg = Debug|Any CPU
		{DDA71CCE-063C-44C9-AD5B-E288F2AF4995}.AppStore|iPhone.Build.0 = Debug|Any CPU
		{DDA71CCE-063C-44C9-AD5B-E288F2AF4995}.AppStore|iPhoneSimulator.ActiveCfg = Debug|Any CPU
		{DDA71CCE-063C-44C9-AD5B-E288F2AF4995}.AppStore|iPhoneSimulator.Build.0 = Debug|Any CPU
		{DDA71CCE-063C-44C9-AD5B-E288F2AF4995}.AppStore|x64.ActiveCfg = Debug|Any CPU
		{DDA71CCE-063C-44C9-AD5B-E288F2AF4995}.AppStore|x64.Build.0 = Debug|Any CPU
		{DDA71CCE-063C-44C9-AD5B-E288F2AF4995}.AppStore|x86.ActiveCfg = Debug|Any CPU
		{DDA71CCE-063C-44C9-AD5B-E288F2AF4995}.AppStore|x86.Build.0 = Debug|Any CPU
		{DDA71CCE-063C-44C9-AD5B-E288F2AF4995}.Debug|Any CPU.ActiveCfg = Debug|Any CPU
		{DDA71CCE-063C-44C9-AD5B-E288F2AF4995}.Debug|Any CPU.Build.0 = Debug|Any CPU
		{DDA71CCE-063C-44C9-AD5B-E288F2AF4995}.Debug|ARM.ActiveCfg = Debug|Any CPU
		{DDA71CCE-063C-44C9-AD5B-E288F2AF4995}.Debug|ARM.Build.0 = Debug|Any CPU
		{DDA71CCE-063C-44C9-AD5B-E288F2AF4995}.Debug|ARM64.ActiveCfg = Debug|Any CPU
		{DDA71CCE-063C-44C9-AD5B-E288F2AF4995}.Debug|ARM64.Build.0 = Debug|Any CPU
		{DDA71CCE-063C-44C9-AD5B-E288F2AF4995}.Debug|iPhone.ActiveCfg = Debug|Any CPU
		{DDA71CCE-063C-44C9-AD5B-E288F2AF4995}.Debug|iPhone.Build.0 = Debug|Any CPU
		{DDA71CCE-063C-44C9-AD5B-E288F2AF4995}.Debug|iPhoneSimulator.ActiveCfg = Debug|Any CPU
		{DDA71CCE-063C-44C9-AD5B-E288F2AF4995}.Debug|iPhoneSimulator.Build.0 = Debug|Any CPU
		{DDA71CCE-063C-44C9-AD5B-E288F2AF4995}.Debug|x64.ActiveCfg = Debug|Any CPU
		{DDA71CCE-063C-44C9-AD5B-E288F2AF4995}.Debug|x64.Build.0 = Debug|Any CPU
		{DDA71CCE-063C-44C9-AD5B-E288F2AF4995}.Debug|x86.ActiveCfg = Debug|Any CPU
		{DDA71CCE-063C-44C9-AD5B-E288F2AF4995}.Debug|x86.Build.0 = Debug|Any CPU
		{DDA71CCE-063C-44C9-AD5B-E288F2AF4995}.Release|Any CPU.ActiveCfg = Release|Any CPU
		{DDA71CCE-063C-44C9-AD5B-E288F2AF4995}.Release|Any CPU.Build.0 = Release|Any CPU
		{DDA71CCE-063C-44C9-AD5B-E288F2AF4995}.Release|ARM.ActiveCfg = Release|Any CPU
		{DDA71CCE-063C-44C9-AD5B-E288F2AF4995}.Release|ARM.Build.0 = Release|Any CPU
		{DDA71CCE-063C-44C9-AD5B-E288F2AF4995}.Release|ARM64.ActiveCfg = Release|Any CPU
		{DDA71CCE-063C-44C9-AD5B-E288F2AF4995}.Release|ARM64.Build.0 = Release|Any CPU
		{DDA71CCE-063C-44C9-AD5B-E288F2AF4995}.Release|iPhone.ActiveCfg = Release|Any CPU
		{DDA71CCE-063C-44C9-AD5B-E288F2AF4995}.Release|iPhone.Build.0 = Release|Any CPU
		{DDA71CCE-063C-44C9-AD5B-E288F2AF4995}.Release|iPhoneSimulator.ActiveCfg = Release|Any CPU
		{DDA71CCE-063C-44C9-AD5B-E288F2AF4995}.Release|iPhoneSimulator.Build.0 = Release|Any CPU
		{DDA71CCE-063C-44C9-AD5B-E288F2AF4995}.Release|x64.ActiveCfg = Release|Any CPU
		{DDA71CCE-063C-44C9-AD5B-E288F2AF4995}.Release|x64.Build.0 = Release|Any CPU
		{DDA71CCE-063C-44C9-AD5B-E288F2AF4995}.Release|x86.ActiveCfg = Release|Any CPU
		{DDA71CCE-063C-44C9-AD5B-E288F2AF4995}.Release|x86.Build.0 = Release|Any CPU
		{B8B6C94A-0757-4B4D-9510-94BD405865ED}.Ad-Hoc|Any CPU.ActiveCfg = Release|Any CPU
		{B8B6C94A-0757-4B4D-9510-94BD405865ED}.Ad-Hoc|Any CPU.Build.0 = Release|Any CPU
		{B8B6C94A-0757-4B4D-9510-94BD405865ED}.Ad-Hoc|Any CPU.Deploy.0 = Release|Any CPU
		{B8B6C94A-0757-4B4D-9510-94BD405865ED}.Ad-Hoc|ARM.ActiveCfg = Release|Any CPU
		{B8B6C94A-0757-4B4D-9510-94BD405865ED}.Ad-Hoc|ARM.Build.0 = Release|Any CPU
		{B8B6C94A-0757-4B4D-9510-94BD405865ED}.Ad-Hoc|ARM.Deploy.0 = Release|Any CPU
		{B8B6C94A-0757-4B4D-9510-94BD405865ED}.Ad-Hoc|ARM64.ActiveCfg = Release|Any CPU
		{B8B6C94A-0757-4B4D-9510-94BD405865ED}.Ad-Hoc|ARM64.Build.0 = Release|Any CPU
		{B8B6C94A-0757-4B4D-9510-94BD405865ED}.Ad-Hoc|ARM64.Deploy.0 = Release|Any CPU
		{B8B6C94A-0757-4B4D-9510-94BD405865ED}.Ad-Hoc|iPhone.ActiveCfg = Release|Any CPU
		{B8B6C94A-0757-4B4D-9510-94BD405865ED}.Ad-Hoc|iPhone.Build.0 = Release|Any CPU
		{B8B6C94A-0757-4B4D-9510-94BD405865ED}.Ad-Hoc|iPhone.Deploy.0 = Release|Any CPU
		{B8B6C94A-0757-4B4D-9510-94BD405865ED}.Ad-Hoc|iPhoneSimulator.ActiveCfg = Release|Any CPU
		{B8B6C94A-0757-4B4D-9510-94BD405865ED}.Ad-Hoc|iPhoneSimulator.Build.0 = Release|Any CPU
		{B8B6C94A-0757-4B4D-9510-94BD405865ED}.Ad-Hoc|iPhoneSimulator.Deploy.0 = Release|Any CPU
		{B8B6C94A-0757-4B4D-9510-94BD405865ED}.Ad-Hoc|x64.ActiveCfg = Release|Any CPU
		{B8B6C94A-0757-4B4D-9510-94BD405865ED}.Ad-Hoc|x64.Build.0 = Release|Any CPU
		{B8B6C94A-0757-4B4D-9510-94BD405865ED}.Ad-Hoc|x64.Deploy.0 = Release|Any CPU
		{B8B6C94A-0757-4B4D-9510-94BD405865ED}.Ad-Hoc|x86.ActiveCfg = Release|Any CPU
		{B8B6C94A-0757-4B4D-9510-94BD405865ED}.Ad-Hoc|x86.Build.0 = Release|Any CPU
		{B8B6C94A-0757-4B4D-9510-94BD405865ED}.Ad-Hoc|x86.Deploy.0 = Release|Any CPU
		{B8B6C94A-0757-4B4D-9510-94BD405865ED}.AppStore|Any CPU.ActiveCfg = Release|Any CPU
		{B8B6C94A-0757-4B4D-9510-94BD405865ED}.AppStore|Any CPU.Build.0 = Release|Any CPU
		{B8B6C94A-0757-4B4D-9510-94BD405865ED}.AppStore|Any CPU.Deploy.0 = Release|Any CPU
		{B8B6C94A-0757-4B4D-9510-94BD405865ED}.AppStore|ARM.ActiveCfg = Release|Any CPU
		{B8B6C94A-0757-4B4D-9510-94BD405865ED}.AppStore|ARM.Build.0 = Release|Any CPU
		{B8B6C94A-0757-4B4D-9510-94BD405865ED}.AppStore|ARM.Deploy.0 = Release|Any CPU
		{B8B6C94A-0757-4B4D-9510-94BD405865ED}.AppStore|ARM64.ActiveCfg = Release|Any CPU
		{B8B6C94A-0757-4B4D-9510-94BD405865ED}.AppStore|ARM64.Build.0 = Release|Any CPU
		{B8B6C94A-0757-4B4D-9510-94BD405865ED}.AppStore|ARM64.Deploy.0 = Release|Any CPU
		{B8B6C94A-0757-4B4D-9510-94BD405865ED}.AppStore|iPhone.ActiveCfg = Release|Any CPU
		{B8B6C94A-0757-4B4D-9510-94BD405865ED}.AppStore|iPhone.Build.0 = Release|Any CPU
		{B8B6C94A-0757-4B4D-9510-94BD405865ED}.AppStore|iPhone.Deploy.0 = Release|Any CPU
		{B8B6C94A-0757-4B4D-9510-94BD405865ED}.AppStore|iPhoneSimulator.ActiveCfg = Release|Any CPU
		{B8B6C94A-0757-4B4D-9510-94BD405865ED}.AppStore|iPhoneSimulator.Build.0 = Release|Any CPU
		{B8B6C94A-0757-4B4D-9510-94BD405865ED}.AppStore|iPhoneSimulator.Deploy.0 = Release|Any CPU
		{B8B6C94A-0757-4B4D-9510-94BD405865ED}.AppStore|x64.ActiveCfg = Release|Any CPU
		{B8B6C94A-0757-4B4D-9510-94BD405865ED}.AppStore|x64.Build.0 = Release|Any CPU
		{B8B6C94A-0757-4B4D-9510-94BD405865ED}.AppStore|x64.Deploy.0 = Release|Any CPU
		{B8B6C94A-0757-4B4D-9510-94BD405865ED}.AppStore|x86.ActiveCfg = Release|Any CPU
		{B8B6C94A-0757-4B4D-9510-94BD405865ED}.AppStore|x86.Build.0 = Release|Any CPU
		{B8B6C94A-0757-4B4D-9510-94BD405865ED}.AppStore|x86.Deploy.0 = Release|Any CPU
		{B8B6C94A-0757-4B4D-9510-94BD405865ED}.Debug|Any CPU.ActiveCfg = Debug|Any CPU
		{B8B6C94A-0757-4B4D-9510-94BD405865ED}.Debug|Any CPU.Build.0 = Debug|Any CPU
		{B8B6C94A-0757-4B4D-9510-94BD405865ED}.Debug|Any CPU.Deploy.0 = Debug|Any CPU
		{B8B6C94A-0757-4B4D-9510-94BD405865ED}.Debug|ARM.ActiveCfg = Debug|Any CPU
		{B8B6C94A-0757-4B4D-9510-94BD405865ED}.Debug|ARM.Build.0 = Debug|Any CPU
		{B8B6C94A-0757-4B4D-9510-94BD405865ED}.Debug|ARM.Deploy.0 = Debug|Any CPU
		{B8B6C94A-0757-4B4D-9510-94BD405865ED}.Debug|ARM64.ActiveCfg = Debug|Any CPU
		{B8B6C94A-0757-4B4D-9510-94BD405865ED}.Debug|ARM64.Build.0 = Debug|Any CPU
		{B8B6C94A-0757-4B4D-9510-94BD405865ED}.Debug|ARM64.Deploy.0 = Debug|Any CPU
		{B8B6C94A-0757-4B4D-9510-94BD405865ED}.Debug|iPhone.ActiveCfg = Debug|Any CPU
		{B8B6C94A-0757-4B4D-9510-94BD405865ED}.Debug|iPhone.Build.0 = Debug|Any CPU
		{B8B6C94A-0757-4B4D-9510-94BD405865ED}.Debug|iPhone.Deploy.0 = Debug|Any CPU
		{B8B6C94A-0757-4B4D-9510-94BD405865ED}.Debug|iPhoneSimulator.ActiveCfg = Debug|Any CPU
		{B8B6C94A-0757-4B4D-9510-94BD405865ED}.Debug|iPhoneSimulator.Build.0 = Debug|Any CPU
		{B8B6C94A-0757-4B4D-9510-94BD405865ED}.Debug|iPhoneSimulator.Deploy.0 = Debug|Any CPU
		{B8B6C94A-0757-4B4D-9510-94BD405865ED}.Debug|x64.ActiveCfg = Debug|Any CPU
		{B8B6C94A-0757-4B4D-9510-94BD405865ED}.Debug|x64.Build.0 = Debug|Any CPU
		{B8B6C94A-0757-4B4D-9510-94BD405865ED}.Debug|x64.Deploy.0 = Debug|Any CPU
		{B8B6C94A-0757-4B4D-9510-94BD405865ED}.Debug|x86.ActiveCfg = Debug|Any CPU
		{B8B6C94A-0757-4B4D-9510-94BD405865ED}.Debug|x86.Build.0 = Debug|Any CPU
		{B8B6C94A-0757-4B4D-9510-94BD405865ED}.Debug|x86.Deploy.0 = Debug|Any CPU
		{B8B6C94A-0757-4B4D-9510-94BD405865ED}.Release|Any CPU.ActiveCfg = Release|Any CPU
		{B8B6C94A-0757-4B4D-9510-94BD405865ED}.Release|Any CPU.Build.0 = Release|Any CPU
		{B8B6C94A-0757-4B4D-9510-94BD405865ED}.Release|Any CPU.Deploy.0 = Release|Any CPU
		{B8B6C94A-0757-4B4D-9510-94BD405865ED}.Release|ARM.ActiveCfg = Release|Any CPU
		{B8B6C94A-0757-4B4D-9510-94BD405865ED}.Release|ARM.Build.0 = Release|Any CPU
		{B8B6C94A-0757-4B4D-9510-94BD405865ED}.Release|ARM.Deploy.0 = Release|Any CPU
		{B8B6C94A-0757-4B4D-9510-94BD405865ED}.Release|ARM64.ActiveCfg = Release|Any CPU
		{B8B6C94A-0757-4B4D-9510-94BD405865ED}.Release|ARM64.Build.0 = Release|Any CPU
		{B8B6C94A-0757-4B4D-9510-94BD405865ED}.Release|ARM64.Deploy.0 = Release|Any CPU
		{B8B6C94A-0757-4B4D-9510-94BD405865ED}.Release|iPhone.ActiveCfg = Release|Any CPU
		{B8B6C94A-0757-4B4D-9510-94BD405865ED}.Release|iPhone.Build.0 = Release|Any CPU
		{B8B6C94A-0757-4B4D-9510-94BD405865ED}.Release|iPhone.Deploy.0 = Release|Any CPU
		{B8B6C94A-0757-4B4D-9510-94BD405865ED}.Release|iPhoneSimulator.ActiveCfg = Release|Any CPU
		{B8B6C94A-0757-4B4D-9510-94BD405865ED}.Release|iPhoneSimulator.Build.0 = Release|Any CPU
		{B8B6C94A-0757-4B4D-9510-94BD405865ED}.Release|iPhoneSimulator.Deploy.0 = Release|Any CPU
		{B8B6C94A-0757-4B4D-9510-94BD405865ED}.Release|x64.ActiveCfg = Release|Any CPU
		{B8B6C94A-0757-4B4D-9510-94BD405865ED}.Release|x64.Build.0 = Release|Any CPU
		{B8B6C94A-0757-4B4D-9510-94BD405865ED}.Release|x64.Deploy.0 = Release|Any CPU
		{B8B6C94A-0757-4B4D-9510-94BD405865ED}.Release|x86.ActiveCfg = Release|Any CPU
		{B8B6C94A-0757-4B4D-9510-94BD405865ED}.Release|x86.Build.0 = Release|Any CPU
		{B8B6C94A-0757-4B4D-9510-94BD405865ED}.Release|x86.Deploy.0 = Release|Any CPU
		{B21E8839-081C-405C-9419-2B8E9037271C}.Ad-Hoc|Any CPU.ActiveCfg = Ad-Hoc|iPhone
		{B21E8839-081C-405C-9419-2B8E9037271C}.Ad-Hoc|ARM.ActiveCfg = Ad-Hoc|iPhone
		{B21E8839-081C-405C-9419-2B8E9037271C}.Ad-Hoc|ARM64.ActiveCfg = Ad-Hoc|iPhone
		{B21E8839-081C-405C-9419-2B8E9037271C}.Ad-Hoc|iPhone.ActiveCfg = Ad-Hoc|iPhone
		{B21E8839-081C-405C-9419-2B8E9037271C}.Ad-Hoc|iPhone.Build.0 = Ad-Hoc|iPhone
		{B21E8839-081C-405C-9419-2B8E9037271C}.Ad-Hoc|iPhoneSimulator.ActiveCfg = Ad-Hoc|iPhoneSimulator
		{B21E8839-081C-405C-9419-2B8E9037271C}.Ad-Hoc|iPhoneSimulator.Build.0 = Ad-Hoc|iPhoneSimulator
		{B21E8839-081C-405C-9419-2B8E9037271C}.Ad-Hoc|x64.ActiveCfg = Ad-Hoc|iPhone
		{B21E8839-081C-405C-9419-2B8E9037271C}.Ad-Hoc|x86.ActiveCfg = Ad-Hoc|iPhone
		{B21E8839-081C-405C-9419-2B8E9037271C}.AppStore|Any CPU.ActiveCfg = AppStore|iPhone
		{B21E8839-081C-405C-9419-2B8E9037271C}.AppStore|ARM.ActiveCfg = AppStore|iPhone
		{B21E8839-081C-405C-9419-2B8E9037271C}.AppStore|ARM64.ActiveCfg = AppStore|iPhone
		{B21E8839-081C-405C-9419-2B8E9037271C}.AppStore|iPhone.ActiveCfg = AppStore|iPhone
		{B21E8839-081C-405C-9419-2B8E9037271C}.AppStore|iPhone.Build.0 = AppStore|iPhone
		{B21E8839-081C-405C-9419-2B8E9037271C}.AppStore|iPhoneSimulator.ActiveCfg = AppStore|iPhoneSimulator
		{B21E8839-081C-405C-9419-2B8E9037271C}.AppStore|iPhoneSimulator.Build.0 = AppStore|iPhoneSimulator
		{B21E8839-081C-405C-9419-2B8E9037271C}.AppStore|x64.ActiveCfg = AppStore|iPhone
		{B21E8839-081C-405C-9419-2B8E9037271C}.AppStore|x86.ActiveCfg = AppStore|iPhone
		{B21E8839-081C-405C-9419-2B8E9037271C}.Debug|Any CPU.ActiveCfg = Debug|iPhone
		{B21E8839-081C-405C-9419-2B8E9037271C}.Debug|ARM.ActiveCfg = Debug|iPhone
		{B21E8839-081C-405C-9419-2B8E9037271C}.Debug|ARM64.ActiveCfg = Debug|iPhone
		{B21E8839-081C-405C-9419-2B8E9037271C}.Debug|iPhone.ActiveCfg = Debug|iPhone
		{B21E8839-081C-405C-9419-2B8E9037271C}.Debug|iPhone.Build.0 = Debug|iPhone
		{B21E8839-081C-405C-9419-2B8E9037271C}.Debug|iPhoneSimulator.ActiveCfg = Debug|iPhoneSimulator
		{B21E8839-081C-405C-9419-2B8E9037271C}.Debug|iPhoneSimulator.Build.0 = Debug|iPhoneSimulator
		{B21E8839-081C-405C-9419-2B8E9037271C}.Debug|x64.ActiveCfg = Debug|iPhone
		{B21E8839-081C-405C-9419-2B8E9037271C}.Debug|x86.ActiveCfg = Debug|iPhone
		{B21E8839-081C-405C-9419-2B8E9037271C}.Release|Any CPU.ActiveCfg = Release|iPhone
		{B21E8839-081C-405C-9419-2B8E9037271C}.Release|ARM.ActiveCfg = Release|iPhone
		{B21E8839-081C-405C-9419-2B8E9037271C}.Release|ARM64.ActiveCfg = Release|iPhone
		{B21E8839-081C-405C-9419-2B8E9037271C}.Release|iPhone.ActiveCfg = Release|iPhone
		{B21E8839-081C-405C-9419-2B8E9037271C}.Release|iPhone.Build.0 = Release|iPhone
		{B21E8839-081C-405C-9419-2B8E9037271C}.Release|iPhoneSimulator.ActiveCfg = Release|iPhoneSimulator
		{B21E8839-081C-405C-9419-2B8E9037271C}.Release|iPhoneSimulator.Build.0 = Release|iPhoneSimulator
		{B21E8839-081C-405C-9419-2B8E9037271C}.Release|x64.ActiveCfg = Release|iPhone
		{B21E8839-081C-405C-9419-2B8E9037271C}.Release|x86.ActiveCfg = Release|iPhone
		{D9974767-0B02-4F1C-BBAD-8C3163AB5D0F}.Ad-Hoc|Any CPU.ActiveCfg = Release|x64
		{D9974767-0B02-4F1C-BBAD-8C3163AB5D0F}.Ad-Hoc|Any CPU.Build.0 = Release|x64
		{D9974767-0B02-4F1C-BBAD-8C3163AB5D0F}.Ad-Hoc|Any CPU.Deploy.0 = Release|x64
		{D9974767-0B02-4F1C-BBAD-8C3163AB5D0F}.Ad-Hoc|ARM.ActiveCfg = Release|ARM
		{D9974767-0B02-4F1C-BBAD-8C3163AB5D0F}.Ad-Hoc|ARM.Build.0 = Release|ARM
		{D9974767-0B02-4F1C-BBAD-8C3163AB5D0F}.Ad-Hoc|ARM.Deploy.0 = Release|ARM
		{D9974767-0B02-4F1C-BBAD-8C3163AB5D0F}.Ad-Hoc|ARM64.ActiveCfg = Release|x64
		{D9974767-0B02-4F1C-BBAD-8C3163AB5D0F}.Ad-Hoc|ARM64.Build.0 = Release|x64
		{D9974767-0B02-4F1C-BBAD-8C3163AB5D0F}.Ad-Hoc|ARM64.Deploy.0 = Release|x64
		{D9974767-0B02-4F1C-BBAD-8C3163AB5D0F}.Ad-Hoc|iPhone.ActiveCfg = Release|x64
		{D9974767-0B02-4F1C-BBAD-8C3163AB5D0F}.Ad-Hoc|iPhone.Build.0 = Release|x64
		{D9974767-0B02-4F1C-BBAD-8C3163AB5D0F}.Ad-Hoc|iPhone.Deploy.0 = Release|x64
		{D9974767-0B02-4F1C-BBAD-8C3163AB5D0F}.Ad-Hoc|iPhoneSimulator.ActiveCfg = Release|x64
		{D9974767-0B02-4F1C-BBAD-8C3163AB5D0F}.Ad-Hoc|iPhoneSimulator.Build.0 = Release|x64
		{D9974767-0B02-4F1C-BBAD-8C3163AB5D0F}.Ad-Hoc|iPhoneSimulator.Deploy.0 = Release|x64
		{D9974767-0B02-4F1C-BBAD-8C3163AB5D0F}.Ad-Hoc|x64.ActiveCfg = Release|x64
		{D9974767-0B02-4F1C-BBAD-8C3163AB5D0F}.Ad-Hoc|x64.Build.0 = Release|x64
		{D9974767-0B02-4F1C-BBAD-8C3163AB5D0F}.Ad-Hoc|x64.Deploy.0 = Release|x64
		{D9974767-0B02-4F1C-BBAD-8C3163AB5D0F}.Ad-Hoc|x86.ActiveCfg = Release|x86
		{D9974767-0B02-4F1C-BBAD-8C3163AB5D0F}.Ad-Hoc|x86.Build.0 = Release|x86
		{D9974767-0B02-4F1C-BBAD-8C3163AB5D0F}.Ad-Hoc|x86.Deploy.0 = Release|x86
		{D9974767-0B02-4F1C-BBAD-8C3163AB5D0F}.AppStore|Any CPU.ActiveCfg = Release|x64
		{D9974767-0B02-4F1C-BBAD-8C3163AB5D0F}.AppStore|Any CPU.Build.0 = Release|x64
		{D9974767-0B02-4F1C-BBAD-8C3163AB5D0F}.AppStore|Any CPU.Deploy.0 = Release|x64
		{D9974767-0B02-4F1C-BBAD-8C3163AB5D0F}.AppStore|ARM.ActiveCfg = Release|ARM
		{D9974767-0B02-4F1C-BBAD-8C3163AB5D0F}.AppStore|ARM.Build.0 = Release|ARM
		{D9974767-0B02-4F1C-BBAD-8C3163AB5D0F}.AppStore|ARM.Deploy.0 = Release|ARM
		{D9974767-0B02-4F1C-BBAD-8C3163AB5D0F}.AppStore|ARM64.ActiveCfg = Release|x64
		{D9974767-0B02-4F1C-BBAD-8C3163AB5D0F}.AppStore|ARM64.Build.0 = Release|x64
		{D9974767-0B02-4F1C-BBAD-8C3163AB5D0F}.AppStore|ARM64.Deploy.0 = Release|x64
		{D9974767-0B02-4F1C-BBAD-8C3163AB5D0F}.AppStore|iPhone.ActiveCfg = Release|x64
		{D9974767-0B02-4F1C-BBAD-8C3163AB5D0F}.AppStore|iPhone.Build.0 = Release|x64
		{D9974767-0B02-4F1C-BBAD-8C3163AB5D0F}.AppStore|iPhone.Deploy.0 = Release|x64
		{D9974767-0B02-4F1C-BBAD-8C3163AB5D0F}.AppStore|iPhoneSimulator.ActiveCfg = Release|x64
		{D9974767-0B02-4F1C-BBAD-8C3163AB5D0F}.AppStore|iPhoneSimulator.Build.0 = Release|x64
		{D9974767-0B02-4F1C-BBAD-8C3163AB5D0F}.AppStore|iPhoneSimulator.Deploy.0 = Release|x64
		{D9974767-0B02-4F1C-BBAD-8C3163AB5D0F}.AppStore|x64.ActiveCfg = Release|x64
		{D9974767-0B02-4F1C-BBAD-8C3163AB5D0F}.AppStore|x64.Build.0 = Release|x64
		{D9974767-0B02-4F1C-BBAD-8C3163AB5D0F}.AppStore|x64.Deploy.0 = Release|x64
		{D9974767-0B02-4F1C-BBAD-8C3163AB5D0F}.AppStore|x86.ActiveCfg = Release|x86
		{D9974767-0B02-4F1C-BBAD-8C3163AB5D0F}.AppStore|x86.Build.0 = Release|x86
		{D9974767-0B02-4F1C-BBAD-8C3163AB5D0F}.AppStore|x86.Deploy.0 = Release|x86
		{D9974767-0B02-4F1C-BBAD-8C3163AB5D0F}.Debug|Any CPU.ActiveCfg = Debug|x86
		{D9974767-0B02-4F1C-BBAD-8C3163AB5D0F}.Debug|ARM.ActiveCfg = Debug|ARM
		{D9974767-0B02-4F1C-BBAD-8C3163AB5D0F}.Debug|ARM.Build.0 = Debug|ARM
		{D9974767-0B02-4F1C-BBAD-8C3163AB5D0F}.Debug|ARM.Deploy.0 = Debug|ARM
		{D9974767-0B02-4F1C-BBAD-8C3163AB5D0F}.Debug|ARM64.ActiveCfg = Debug|x86
		{D9974767-0B02-4F1C-BBAD-8C3163AB5D0F}.Debug|iPhone.ActiveCfg = Debug|x86
		{D9974767-0B02-4F1C-BBAD-8C3163AB5D0F}.Debug|iPhoneSimulator.ActiveCfg = Debug|x86
		{D9974767-0B02-4F1C-BBAD-8C3163AB5D0F}.Debug|x64.ActiveCfg = Debug|x64
		{D9974767-0B02-4F1C-BBAD-8C3163AB5D0F}.Debug|x64.Build.0 = Debug|x64
		{D9974767-0B02-4F1C-BBAD-8C3163AB5D0F}.Debug|x64.Deploy.0 = Debug|x64
		{D9974767-0B02-4F1C-BBAD-8C3163AB5D0F}.Debug|x86.ActiveCfg = Debug|x86
		{D9974767-0B02-4F1C-BBAD-8C3163AB5D0F}.Debug|x86.Build.0 = Debug|x86
		{D9974767-0B02-4F1C-BBAD-8C3163AB5D0F}.Debug|x86.Deploy.0 = Debug|x86
		{D9974767-0B02-4F1C-BBAD-8C3163AB5D0F}.Release|Any CPU.ActiveCfg = Release|x86
		{D9974767-0B02-4F1C-BBAD-8C3163AB5D0F}.Release|ARM.ActiveCfg = Release|ARM
		{D9974767-0B02-4F1C-BBAD-8C3163AB5D0F}.Release|ARM.Build.0 = Release|ARM
		{D9974767-0B02-4F1C-BBAD-8C3163AB5D0F}.Release|ARM.Deploy.0 = Release|ARM
		{D9974767-0B02-4F1C-BBAD-8C3163AB5D0F}.Release|ARM64.ActiveCfg = Release|x86
		{D9974767-0B02-4F1C-BBAD-8C3163AB5D0F}.Release|iPhone.ActiveCfg = Release|x86
		{D9974767-0B02-4F1C-BBAD-8C3163AB5D0F}.Release|iPhoneSimulator.ActiveCfg = Release|x86
		{D9974767-0B02-4F1C-BBAD-8C3163AB5D0F}.Release|x64.ActiveCfg = Release|x64
		{D9974767-0B02-4F1C-BBAD-8C3163AB5D0F}.Release|x64.Build.0 = Release|x64
		{D9974767-0B02-4F1C-BBAD-8C3163AB5D0F}.Release|x64.Deploy.0 = Release|x64
		{D9974767-0B02-4F1C-BBAD-8C3163AB5D0F}.Release|x86.ActiveCfg = Release|x86
		{D9974767-0B02-4F1C-BBAD-8C3163AB5D0F}.Release|x86.Build.0 = Release|x86
		{D9974767-0B02-4F1C-BBAD-8C3163AB5D0F}.Release|x86.Deploy.0 = Release|x86
		{10D93A03-DF30-47E2-AA44-03B1418EFCF0}.Ad-Hoc|Any CPU.ActiveCfg = Debug|Any CPU
		{10D93A03-DF30-47E2-AA44-03B1418EFCF0}.Ad-Hoc|Any CPU.Build.0 = Debug|Any CPU
		{10D93A03-DF30-47E2-AA44-03B1418EFCF0}.Ad-Hoc|ARM.ActiveCfg = Debug|Any CPU
		{10D93A03-DF30-47E2-AA44-03B1418EFCF0}.Ad-Hoc|ARM.Build.0 = Debug|Any CPU
		{10D93A03-DF30-47E2-AA44-03B1418EFCF0}.Ad-Hoc|ARM64.ActiveCfg = Debug|Any CPU
		{10D93A03-DF30-47E2-AA44-03B1418EFCF0}.Ad-Hoc|ARM64.Build.0 = Debug|Any CPU
		{10D93A03-DF30-47E2-AA44-03B1418EFCF0}.Ad-Hoc|iPhone.ActiveCfg = Debug|Any CPU
		{10D93A03-DF30-47E2-AA44-03B1418EFCF0}.Ad-Hoc|iPhone.Build.0 = Debug|Any CPU
		{10D93A03-DF30-47E2-AA44-03B1418EFCF0}.Ad-Hoc|iPhoneSimulator.ActiveCfg = Debug|Any CPU
		{10D93A03-DF30-47E2-AA44-03B1418EFCF0}.Ad-Hoc|iPhoneSimulator.Build.0 = Debug|Any CPU
		{10D93A03-DF30-47E2-AA44-03B1418EFCF0}.Ad-Hoc|x64.ActiveCfg = Debug|Any CPU
		{10D93A03-DF30-47E2-AA44-03B1418EFCF0}.Ad-Hoc|x64.Build.0 = Debug|Any CPU
		{10D93A03-DF30-47E2-AA44-03B1418EFCF0}.Ad-Hoc|x86.ActiveCfg = Debug|Any CPU
		{10D93A03-DF30-47E2-AA44-03B1418EFCF0}.Ad-Hoc|x86.Build.0 = Debug|Any CPU
		{10D93A03-DF30-47E2-AA44-03B1418EFCF0}.AppStore|Any CPU.ActiveCfg = Debug|Any CPU
		{10D93A03-DF30-47E2-AA44-03B1418EFCF0}.AppStore|Any CPU.Build.0 = Debug|Any CPU
		{10D93A03-DF30-47E2-AA44-03B1418EFCF0}.AppStore|ARM.ActiveCfg = Debug|Any CPU
		{10D93A03-DF30-47E2-AA44-03B1418EFCF0}.AppStore|ARM.Build.0 = Debug|Any CPU
		{10D93A03-DF30-47E2-AA44-03B1418EFCF0}.AppStore|ARM64.ActiveCfg = Debug|Any CPU
		{10D93A03-DF30-47E2-AA44-03B1418EFCF0}.AppStore|ARM64.Build.0 = Debug|Any CPU
		{10D93A03-DF30-47E2-AA44-03B1418EFCF0}.AppStore|iPhone.ActiveCfg = Debug|Any CPU
		{10D93A03-DF30-47E2-AA44-03B1418EFCF0}.AppStore|iPhone.Build.0 = Debug|Any CPU
		{10D93A03-DF30-47E2-AA44-03B1418EFCF0}.AppStore|iPhoneSimulator.ActiveCfg = Debug|Any CPU
		{10D93A03-DF30-47E2-AA44-03B1418EFCF0}.AppStore|iPhoneSimulator.Build.0 = Debug|Any CPU
		{10D93A03-DF30-47E2-AA44-03B1418EFCF0}.AppStore|x64.ActiveCfg = Debug|Any CPU
		{10D93A03-DF30-47E2-AA44-03B1418EFCF0}.AppStore|x64.Build.0 = Debug|Any CPU
		{10D93A03-DF30-47E2-AA44-03B1418EFCF0}.AppStore|x86.ActiveCfg = Debug|Any CPU
		{10D93A03-DF30-47E2-AA44-03B1418EFCF0}.AppStore|x86.Build.0 = Debug|Any CPU
		{10D93A03-DF30-47E2-AA44-03B1418EFCF0}.Debug|Any CPU.ActiveCfg = Debug|Any CPU
		{10D93A03-DF30-47E2-AA44-03B1418EFCF0}.Debug|Any CPU.Build.0 = Debug|Any CPU
		{10D93A03-DF30-47E2-AA44-03B1418EFCF0}.Debug|ARM.ActiveCfg = Debug|Any CPU
		{10D93A03-DF30-47E2-AA44-03B1418EFCF0}.Debug|ARM.Build.0 = Debug|Any CPU
		{10D93A03-DF30-47E2-AA44-03B1418EFCF0}.Debug|ARM64.ActiveCfg = Debug|Any CPU
		{10D93A03-DF30-47E2-AA44-03B1418EFCF0}.Debug|ARM64.Build.0 = Debug|Any CPU
		{10D93A03-DF30-47E2-AA44-03B1418EFCF0}.Debug|iPhone.ActiveCfg = Debug|Any CPU
		{10D93A03-DF30-47E2-AA44-03B1418EFCF0}.Debug|iPhone.Build.0 = Debug|Any CPU
		{10D93A03-DF30-47E2-AA44-03B1418EFCF0}.Debug|iPhoneSimulator.ActiveCfg = Debug|Any CPU
		{10D93A03-DF30-47E2-AA44-03B1418EFCF0}.Debug|iPhoneSimulator.Build.0 = Debug|Any CPU
		{10D93A03-DF30-47E2-AA44-03B1418EFCF0}.Debug|x64.ActiveCfg = Debug|Any CPU
		{10D93A03-DF30-47E2-AA44-03B1418EFCF0}.Debug|x64.Build.0 = Debug|Any CPU
		{10D93A03-DF30-47E2-AA44-03B1418EFCF0}.Debug|x86.ActiveCfg = Debug|Any CPU
		{10D93A03-DF30-47E2-AA44-03B1418EFCF0}.Debug|x86.Build.0 = Debug|Any CPU
		{10D93A03-DF30-47E2-AA44-03B1418EFCF0}.Release|Any CPU.ActiveCfg = Release|Any CPU
		{10D93A03-DF30-47E2-AA44-03B1418EFCF0}.Release|Any CPU.Build.0 = Release|Any CPU
		{10D93A03-DF30-47E2-AA44-03B1418EFCF0}.Release|ARM.ActiveCfg = Release|Any CPU
		{10D93A03-DF30-47E2-AA44-03B1418EFCF0}.Release|ARM.Build.0 = Release|Any CPU
		{10D93A03-DF30-47E2-AA44-03B1418EFCF0}.Release|ARM64.ActiveCfg = Release|Any CPU
		{10D93A03-DF30-47E2-AA44-03B1418EFCF0}.Release|ARM64.Build.0 = Release|Any CPU
		{10D93A03-DF30-47E2-AA44-03B1418EFCF0}.Release|iPhone.ActiveCfg = Release|Any CPU
		{10D93A03-DF30-47E2-AA44-03B1418EFCF0}.Release|iPhone.Build.0 = Release|Any CPU
		{10D93A03-DF30-47E2-AA44-03B1418EFCF0}.Release|iPhoneSimulator.ActiveCfg = Release|Any CPU
		{10D93A03-DF30-47E2-AA44-03B1418EFCF0}.Release|iPhoneSimulator.Build.0 = Release|Any CPU
		{10D93A03-DF30-47E2-AA44-03B1418EFCF0}.Release|x64.ActiveCfg = Release|Any CPU
		{10D93A03-DF30-47E2-AA44-03B1418EFCF0}.Release|x64.Build.0 = Release|Any CPU
		{10D93A03-DF30-47E2-AA44-03B1418EFCF0}.Release|x86.ActiveCfg = Release|Any CPU
		{10D93A03-DF30-47E2-AA44-03B1418EFCF0}.Release|x86.Build.0 = Release|Any CPU
	EndGlobalSection
	GlobalSection(SolutionProperties) = preSolution
		HideSolutionNode = FALSE
	EndGlobalSection
	GlobalSection(NestedProjects) = preSolution
		{78F799E6-D1DF-426E-9728-5E69ADFB0BC0} = {6138BC94-EDDB-4E70-BB79-83C216D972EA}
		{26B1BE26-E15B-4A86-A644-274DC14F0374} = {6138BC94-EDDB-4E70-BB79-83C216D972EA}
		{AA19469A-6416-48B8-B0FE-C4E2A24B8B6F} = {6138BC94-EDDB-4E70-BB79-83C216D972EA}
		{6279C845-92F8-4333-AB99-3D213163593C} = {AA19469A-6416-48B8-B0FE-C4E2A24B8B6F}
		{B8B6C94A-0757-4B4D-9510-94BD405865ED} = {AA19469A-6416-48B8-B0FE-C4E2A24B8B6F}
		{B21E8839-081C-405C-9419-2B8E9037271C} = {AA19469A-6416-48B8-B0FE-C4E2A24B8B6F}
		{D9974767-0B02-4F1C-BBAD-8C3163AB5D0F} = {AA19469A-6416-48B8-B0FE-C4E2A24B8B6F}
		{10D93A03-DF30-47E2-AA44-03B1418EFCF0} = {AA19469A-6416-48B8-B0FE-C4E2A24B8B6F}
	EndGlobalSection
	GlobalSection(ExtensibilityGlobals) = postSolution
		SolutionGuid = {ACC531EB-052B-47DD-B935-0D494A7A5EA9}
	EndGlobalSection
EndGlobal
